
Microsoft Visual Studio Solution File, Format Version 12.00
# Visual Studio Version 17
VisualStudioVersion = 17.3.32825.248
MinimumVisualStudioVersion = 10.0.40219.1
Project("{FAE04EC0-301F-11D3-BF4B-00C04F79EFBC}") = "CGPL", "CGPL.csproj", "{F5AC61BE-90E1-4A44-AABB-F9B4FB60CB84}"
EndProject
Global
	GlobalSection(SolutionConfigurationPlatforms) = preSolution
		Debug|Any CPU = Debug|Any CPU
		Release|Any CPU = Release|Any CPU
	EndGlobalSection
	GlobalSection(ProjectConfigurationPlatforms) = postSolution
		{F5AC61BE-90E1-4A44-AABB-F9B4FB60CB84}.Debug|Any CPU.ActiveCfg = Debug|Any CPU
		{F5AC61BE-90E1-4A44-AABB-F9B4FB60CB84}.Debug|Any CPU.Build.0 = Debug|Any CPU
		{F5AC61BE-90E1-4A44-AABB-F9B4FB60CB84}.Release|Any CPU.ActiveCfg = Release|Any CPU
		{F5AC61BE-90E1-4A44-AABB-F9B4FB60CB84}.Release|Any CPU.Build.0 = Release|Any CPU
	EndGlobalSection
	GlobalSection(SolutionProperties) = preSolution
		HideSolutionNode = FALSE
	EndGlobalSection
	GlobalSection(ExtensibilityGlobals) = postSolution
		SolutionGuid = {80ABF5FB-CF82-4ADD-9127-74136AF96650}
	EndGlobalSection
EndGlobal
